<?xml version="1.0" encoding="utf-8"?>
<Project ToolsVersion="4.0" xmlns="http://schemas.microsoft.com/developer/msbuild/2003">
  <ItemGroup>
    <ClCompile Include="CGUI.cpp" />
    <ClCompile Include="Main.cpp" />
    <ClCompile Include="StdInc.cpp" />
    <ClCompile Include="CEagleAPI.cpp" />
    <ClCompile Include="CEagleCore.cpp" />
  </ItemGroup>
  <ItemGroup>
    <ClInclude Include="CGUI.h" />
    <ClInclude Include="Vendor\skStr.h" />
    <ClInclude Include="Resources\font_awesome.h" />
    <ClInclude Include="Resources\fonts.h" />
    <ClInclude Include="Resources\images.h" />
    <ClInclude Include="Main.h" />
    <ClInclude Include="particles.h" />
    <ClInclude Include="Settings.h" />
    <ClInclude Include="StdInc.h" />
    <ClInclude Include="XorStr.h" />
    <ClInclude Include="rsa_keys.h" />
    <ClInclude Include="CEagleAPI.h" />
    <ClInclude Include="CEagleCore.h" />
    <ClInclude Include="ManualMapInjector.hpp" />
  </ItemGroup>
</Project>