<?xml version="1.0" encoding="utf-8"?>
<Project ToolsVersion="4.0" xmlns="http://schemas.microsoft.com/developer/msbuild/2003">
  <ItemGroup>
    <ClCompile Include="Vendor\ImGui\imgui.cpp" />
    <ClCompile Include="Vendor\ImGui\imgui_draw.cpp" />
    <ClCompile Include="Vendor\ImGui\imgui_freetype.cpp" />
    <ClCompile Include="Vendor\ImGui\imgui_impl_dx11.cpp" />
    <ClCompile Include="Vendor\ImGui\imgui_impl_win32.cpp" />
    <ClCompile Include="Vendor\ImGui\imgui_tables.cpp" />
    <ClCompile Include="Vendor\ImGui\imgui_widgets.cpp" />
    <ClCompile Include="CGUI.cpp" />
    <ClCompile Include="Main.cpp" />
    <ClCompile Include="Vendor\misc\cpp\imgui_stdlib.cpp" />
    <ClCompile Include="Vendor\misc\fonts\binary_to_compressed_c.cpp" />
    <ClCompile Include="Vendor\misc\freetype\imgui_freetype.cpp" />
    <ClCompile Include="StdInc.cpp" />
  </ItemGroup>
  <ItemGroup>
    <ClInclude Include="CGUI.h" />
    <ClInclude Include="Vendor\auth.hpp" />
    <ClInclude Include="Vendor\curl\curl.h" />
    <ClInclude Include="Vendor\curl\curlver.h" />
    <ClInclude Include="Vendor\curl\easy.h" />
    <ClInclude Include="Vendor\curl\header.h" />
    <ClInclude Include="Vendor\curl\mprintf.h" />
    <ClInclude Include="Vendor\curl\multi.h" />
    <ClInclude Include="Vendor\curl\options.h" />
    <ClInclude Include="Vendor\curl\stdcheaders.h" />
    <ClInclude Include="Vendor\curl\system.h" />
    <ClInclude Include="Vendor\curl\typecheck-gcc.h" />
    <ClInclude Include="Vendor\curl\urlapi.h" />
    <ClInclude Include="Vendor\curl\websockets.h" />
    <ClInclude Include="Vendor\freetype\include\freetype\config\ftconfig.h" />
    <ClInclude Include="Vendor\freetype\include\freetype\config\ftheader.h" />
    <ClInclude Include="Vendor\freetype\include\freetype\config\ftmodule.h" />
    <ClInclude Include="Vendor\freetype\include\freetype\config\ftoption.h" />
    <ClInclude Include="Vendor\freetype\include\freetype\config\ftstdlib.h" />
    <ClInclude Include="Vendor\freetype\include\freetype\config\integer-types.h" />
    <ClInclude Include="Vendor\freetype\include\freetype\config\mac-support.h" />
    <ClInclude Include="Vendor\freetype\include\freetype\config\public-macros.h" />
    <ClInclude Include="Vendor\freetype\include\freetype\freetype.h" />
    <ClInclude Include="Vendor\freetype\include\freetype\ftadvanc.h" />
    <ClInclude Include="Vendor\freetype\include\freetype\ftbbox.h" />
    <ClInclude Include="Vendor\freetype\include\freetype\ftbdf.h" />
    <ClInclude Include="Vendor\freetype\include\freetype\ftbitmap.h" />
    <ClInclude Include="Vendor\freetype\include\freetype\ftbzip2.h" />
    <ClInclude Include="Vendor\freetype\include\freetype\ftcache.h" />
    <ClInclude Include="Vendor\freetype\include\freetype\ftchapters.h" />
    <ClInclude Include="Vendor\freetype\include\freetype\ftcid.h" />
    <ClInclude Include="Vendor\freetype\include\freetype\ftcolor.h" />
    <ClInclude Include="Vendor\freetype\include\freetype\ftdriver.h" />
    <ClInclude Include="Vendor\freetype\include\freetype\fterrdef.h" />
    <ClInclude Include="Vendor\freetype\include\freetype\fterrors.h" />
    <ClInclude Include="Vendor\freetype\include\freetype\ftfntfmt.h" />
    <ClInclude Include="Vendor\freetype\include\freetype\ftgasp.h" />
    <ClInclude Include="Vendor\freetype\include\freetype\ftglyph.h" />
    <ClInclude Include="Vendor\freetype\include\freetype\ftgxval.h" />
    <ClInclude Include="Vendor\freetype\include\freetype\ftgzip.h" />
    <ClInclude Include="Vendor\freetype\include\freetype\ftimage.h" />
    <ClInclude Include="Vendor\freetype\include\freetype\ftincrem.h" />
    <ClInclude Include="Vendor\freetype\include\freetype\ftlcdfil.h" />
    <ClInclude Include="Vendor\freetype\include\freetype\ftlist.h" />
    <ClInclude Include="Vendor\freetype\include\freetype\ftlogging.h" />
    <ClInclude Include="Vendor\freetype\include\freetype\ftlzw.h" />
    <ClInclude Include="Vendor\freetype\include\freetype\ftmac.h" />
    <ClInclude Include="Vendor\freetype\include\freetype\ftmm.h" />
    <ClInclude Include="Vendor\freetype\include\freetype\ftmodapi.h" />
    <ClInclude Include="Vendor\freetype\include\freetype\ftmoderr.h" />
    <ClInclude Include="Vendor\freetype\include\freetype\ftotval.h" />
    <ClInclude Include="Vendor\freetype\include\freetype\ftoutln.h" />
    <ClInclude Include="Vendor\freetype\include\freetype\ftparams.h" />
    <ClInclude Include="Vendor\freetype\include\freetype\ftpfr.h" />
    <ClInclude Include="Vendor\freetype\include\freetype\ftrender.h" />
    <ClInclude Include="Vendor\freetype\include\freetype\ftsizes.h" />
    <ClInclude Include="Vendor\freetype\include\freetype\ftsnames.h" />
    <ClInclude Include="Vendor\freetype\include\freetype\ftstroke.h" />
    <ClInclude Include="Vendor\freetype\include\freetype\ftsynth.h" />
    <ClInclude Include="Vendor\freetype\include\freetype\ftsystem.h" />
    <ClInclude Include="Vendor\freetype\include\freetype\fttrigon.h" />
    <ClInclude Include="Vendor\freetype\include\freetype\fttypes.h" />
    <ClInclude Include="Vendor\freetype\include\freetype\ftwinfnt.h" />
    <ClInclude Include="Vendor\freetype\include\freetype\otsvg.h" />
    <ClInclude Include="Vendor\freetype\include\freetype\t1tables.h" />
    <ClInclude Include="Vendor\freetype\include\freetype\ttnameid.h" />
    <ClInclude Include="Vendor\freetype\include\freetype\tttables.h" />
    <ClInclude Include="Vendor\freetype\include\freetype\tttags.h" />
    <ClInclude Include="Vendor\freetype\include\ft2build.h" />
    <ClInclude Include="Vendor\misc\cpp\imgui_stdlib.h" />
    <ClInclude Include="Vendor\misc\freetype\imgui_freetype.h" />
    <ClInclude Include="Vendor\misc\single_file\imgui_single_file.h" />
    <ClInclude Include="Vendor\skStr.h" />
    <ClInclude Include="Resources\font_awesome.h" />
    <ClInclude Include="Vendor\ImGui\imconfig.h" />
    <ClInclude Include="Vendor\ImGui\imgui.h" />
    <ClInclude Include="Vendor\ImGui\imgui_freetype.h" />
    <ClInclude Include="Vendor\ImGui\imgui_impl_dx11.h" />
    <ClInclude Include="Vendor\ImGui\imgui_impl_win32.h" />
    <ClInclude Include="Vendor\ImGui\imgui_internal.h" />
    <ClInclude Include="Vendor\ImGui\imstb_rectpack.h" />
    <ClInclude Include="Vendor\ImGui\imstb_textedit.h" />
    <ClInclude Include="Vendor\ImGui\imstb_truetype.h" />
    <ClInclude Include="Resources\fonts.h" />
    <ClInclude Include="Resources\images.h" />
    <ClInclude Include="Main.h" />
    <ClInclude Include="particles.h" />
    <ClInclude Include="Settings.h" />
    <ClInclude Include="StdInc.h" />
  </ItemGroup>
  <ItemGroup>
    <Library Include="Vendor\freetype\win64\freetype.lib" />
    <Library Include="Vendor\curl\libcurl.lib" />
  </ItemGroup>
</Project>