<?xml version="1.0" encoding="utf-8"?>
<Project ToolsVersion="4.0" xmlns="http://schemas.microsoft.com/developer/msbuild/2003">
  <ItemGroup>
    <Filter Include="Source Files">
      <UniqueIdentifier>{4FC737F1-C7A5-4376-A066-2A32D752A2FF}</UniqueIdentifier>
      <Extensions>cpp;c;cc;cxx;c++;cppm;ixx;def;odl;idl;hpj;bat;asm;asmx</Extensions>
    </Filter>
    <Filter Include="Header Files">
      <UniqueIdentifier>{93995380-89BD-4b04-88EB-625FBE52EBFB}</UniqueIdentifier>
      <Extensions>h;hh;hpp;hxx;h++;hm;inl;inc;ipp;xsd</Extensions>
    </Filter>
    <Filter Include="Resource Files">
      <UniqueIdentifier>{67DA6AB6-F800-4c08-8B7A-83BB121AAD01}</UniqueIdentifier>
      <Extensions>rc;ico;cur;bmp;dlg;rc2;rct;bin;rgs;gif;jpg;jpeg;jpe;resx;tiff;tif;png;wav;mfcribbon-ms</Extensions>
    </Filter>
  </ItemGroup>
  <ItemGroup>
    <ClCompile Include="SharedChecks.cpp">
      <Filter>Source Files</Filter>
    </ClCompile>
    <ClCompile Include="SharedUtil.cpp">
      <Filter>Source Files</Filter>
    </ClCompile>
    <ClCompile Include="SharedProtocols.cpp">
      <Filter>Source Files</Filter>
    </ClCompile>
    <ClCompile Include="Helpers\AES.cpp">
      <Filter>Source Files</Filter>
    </ClCompile>
    <ClCompile Include="CAtomicCore.cpp">
      <Filter>Source Files</Filter>
    </ClCompile>
    <ClCompile Include="SecurityChecks.cpp">
      <Filter>Source Files</Filter>
    </ClCompile>
  </ItemGroup>
  <ItemGroup>
    <ClInclude Include="SharedChecks.h">
      <Filter>Header Files</Filter>
    </ClInclude>
    <ClInclude Include="SharedUtil.h">
      <Filter>Header Files</Filter>
    </ClInclude>
    <ClInclude Include="XorStr.h">
      <Filter>Header Files</Filter>
    </ClInclude>
    <ClInclude Include="Vendor\crypto\__DECC_INCLUDE_EPILOGUE.H">
      <Filter>Header Files</Filter>
    </ClInclude>
    <ClInclude Include="Vendor\crypto\__DECC_INCLUDE_PROLOGUE.H">
      <Filter>Header Files</Filter>
    </ClInclude>
    <ClInclude Include="Vendor\crypto\aes_platform.h">
      <Filter>Header Files</Filter>
    </ClInclude>
    <ClInclude Include="Vendor\crypto\aria.h">
      <Filter>Header Files</Filter>
    </ClInclude>
    <ClInclude Include="Vendor\crypto\asn1.h">
      <Filter>Header Files</Filter>
    </ClInclude>
    <ClInclude Include="Vendor\crypto\asn1_dsa.h">
      <Filter>Header Files</Filter>
    </ClInclude>
    <ClInclude Include="Vendor\crypto\asn1err.h">
      <Filter>Header Files</Filter>
    </ClInclude>
    <ClInclude Include="Vendor\crypto\async.h">
      <Filter>Header Files</Filter>
    </ClInclude>
    <ClInclude Include="Vendor\crypto\asyncerr.h">
      <Filter>Header Files</Filter>
    </ClInclude>
    <ClInclude Include="Vendor\crypto\bioerr.h">
      <Filter>Header Files</Filter>
    </ClInclude>
    <ClInclude Include="Vendor\crypto\bn.h">
      <Filter>Header Files</Filter>
    </ClInclude>
    <ClInclude Include="Vendor\crypto\bn_dh.h">
      <Filter>Header Files</Filter>
    </ClInclude>
    <ClInclude Include="Vendor\crypto\bn_srp.h">
      <Filter>Header Files</Filter>
    </ClInclude>
    <ClInclude Include="Vendor\crypto\bnerr.h">
      <Filter>Header Files</Filter>
    </ClInclude>
    <ClInclude Include="Vendor\crypto\buffererr.h">
      <Filter>Header Files</Filter>
    </ClInclude>
    <ClInclude Include="Vendor\crypto\chacha.h">
      <Filter>Header Files</Filter>
    </ClInclude>
    <ClInclude Include="Vendor\crypto\cmac.h">
      <Filter>Header Files</Filter>
    </ClInclude>
    <ClInclude Include="Vendor\crypto\cmll_platform.h">
      <Filter>Header Files</Filter>
    </ClInclude>
    <ClInclude Include="Vendor\crypto\cmperr.h">
      <Filter>Header Files</Filter>
    </ClInclude>
    <ClInclude Include="Vendor\crypto\cmserr.h">
      <Filter>Header Files</Filter>
    </ClInclude>
    <ClInclude Include="Vendor\crypto\comperr.h">
      <Filter>Header Files</Filter>
    </ClInclude>
    <ClInclude Include="Vendor\crypto\conferr.h">
      <Filter>Header Files</Filter>
    </ClInclude>
    <ClInclude Include="Vendor\crypto\context.h">
      <Filter>Header Files</Filter>
    </ClInclude>
    <ClInclude Include="Vendor\crypto\crmferr.h">
      <Filter>Header Files</Filter>
    </ClInclude>
    <ClInclude Include="Vendor\crypto\cryptlib.h">
      <Filter>Header Files</Filter>
    </ClInclude>
    <ClInclude Include="Vendor\crypto\cryptoerr.h">
      <Filter>Header Files</Filter>
    </ClInclude>
    <ClInclude Include="Vendor\crypto\cterr.h">
      <Filter>Header Files</Filter>
    </ClInclude>
    <ClInclude Include="Vendor\crypto\ctype.h">
      <Filter>Header Files</Filter>
    </ClInclude>
    <ClInclude Include="Vendor\crypto\decoder.h">
      <Filter>Header Files</Filter>
    </ClInclude>
    <ClInclude Include="Vendor\crypto\decodererr.h">
      <Filter>Header Files</Filter>
    </ClInclude>
    <ClInclude Include="Vendor\crypto\des_platform.h">
      <Filter>Header Files</Filter>
    </ClInclude>
    <ClInclude Include="Vendor\crypto\dh.h">
      <Filter>Header Files</Filter>
    </ClInclude>
    <ClInclude Include="Vendor\crypto\dherr.h">
      <Filter>Header Files</Filter>
    </ClInclude>
    <ClInclude Include="Vendor\crypto\dsa.h">
      <Filter>Header Files</Filter>
    </ClInclude>
    <ClInclude Include="Vendor\crypto\dsaerr.h">
      <Filter>Header Files</Filter>
    </ClInclude>
    <ClInclude Include="Vendor\crypto\ec.h">
      <Filter>Header Files</Filter>
    </ClInclude>
    <ClInclude Include="Vendor\crypto\ecerr.h">
      <Filter>Header Files</Filter>
    </ClInclude>
    <ClInclude Include="Vendor\crypto\ecx.h">
      <Filter>Header Files</Filter>
    </ClInclude>
    <ClInclude Include="Vendor\crypto\encoder.h">
      <Filter>Header Files</Filter>
    </ClInclude>
    <ClInclude Include="Vendor\crypto\encodererr.h">
      <Filter>Header Files</Filter>
    </ClInclude>
    <ClInclude Include="Vendor\crypto\engine.h">
      <Filter>Header Files</Filter>
    </ClInclude>
    <ClInclude Include="Vendor\crypto\engineerr.h">
      <Filter>Header Files</Filter>
    </ClInclude>
    <ClInclude Include="Vendor\crypto\err.h">
      <Filter>Header Files</Filter>
    </ClInclude>
    <ClInclude Include="Vendor\crypto\ess.h">
      <Filter>Header Files</Filter>
    </ClInclude>
    <ClInclude Include="Vendor\crypto\esserr.h">
      <Filter>Header Files</Filter>
    </ClInclude>
    <ClInclude Include="Vendor\crypto\evp.h">
      <Filter>Header Files</Filter>
    </ClInclude>
    <ClInclude Include="Vendor\crypto\evperr.h">
      <Filter>Header Files</Filter>
    </ClInclude>
    <ClInclude Include="Vendor\crypto\httperr.h">
      <Filter>Header Files</Filter>
    </ClInclude>
    <ClInclude Include="Vendor\crypto\lhash.h">
      <Filter>Header Files</Filter>
    </ClInclude>
    <ClInclude Include="Vendor\crypto\md32_common.h">
      <Filter>Header Files</Filter>
    </ClInclude>
    <ClInclude Include="Vendor\crypto\modes.h">
      <Filter>Header Files</Filter>
    </ClInclude>
    <ClInclude Include="Vendor\crypto\objects.h">
      <Filter>Header Files</Filter>
    </ClInclude>
    <ClInclude Include="Vendor\crypto\objectserr.h">
      <Filter>Header Files</Filter>
    </ClInclude>
    <ClInclude Include="Vendor\crypto\ocsperr.h">
      <Filter>Header Files</Filter>
    </ClInclude>
    <ClInclude Include="Vendor\crypto\pem.h">
      <Filter>Header Files</Filter>
    </ClInclude>
    <ClInclude Include="Vendor\crypto\pemerr.h">
      <Filter>Header Files</Filter>
    </ClInclude>
    <ClInclude Include="Vendor\crypto\pkcs7.h">
      <Filter>Header Files</Filter>
    </ClInclude>
    <ClInclude Include="Vendor\crypto\pkcs7err.h">
      <Filter>Header Files</Filter>
    </ClInclude>
    <ClInclude Include="Vendor\crypto\pkcs12err.h">
      <Filter>Header Files</Filter>
    </ClInclude>
    <ClInclude Include="Vendor\crypto\poly1305.h">
      <Filter>Header Files</Filter>
    </ClInclude>
    <ClInclude Include="Vendor\crypto\ppc_arch.h">
      <Filter>Header Files</Filter>
    </ClInclude>
    <ClInclude Include="Vendor\crypto\punycode.h">
      <Filter>Header Files</Filter>
    </ClInclude>
    <ClInclude Include="Vendor\crypto\rand.h">
      <Filter>Header Files</Filter>
    </ClInclude>
    <ClInclude Include="Vendor\crypto\rand_pool.h">
      <Filter>Header Files</Filter>
    </ClInclude>
    <ClInclude Include="Vendor\crypto\randerr.h">
      <Filter>Header Files</Filter>
    </ClInclude>
    <ClInclude Include="Vendor\crypto\riscv_arch.h">
      <Filter>Header Files</Filter>
    </ClInclude>
    <ClInclude Include="Vendor\crypto\rsa.h">
      <Filter>Header Files</Filter>
    </ClInclude>
    <ClInclude Include="Vendor\crypto\rsaerr.h">
      <Filter>Header Files</Filter>
    </ClInclude>
    <ClInclude Include="Vendor\crypto\security_bits.h">
      <Filter>Header Files</Filter>
    </ClInclude>
    <ClInclude Include="Vendor\crypto\sha.h">
      <Filter>Header Files</Filter>
    </ClInclude>
    <ClInclude Include="Vendor\crypto\siphash.h">
      <Filter>Header Files</Filter>
    </ClInclude>
    <ClInclude Include="Vendor\crypto\siv.h">
      <Filter>Header Files</Filter>
    </ClInclude>
    <ClInclude Include="Vendor\crypto\sm2.h">
      <Filter>Header Files</Filter>
    </ClInclude>
    <ClInclude Include="Vendor\crypto\sm2err.h">
      <Filter>Header Files</Filter>
    </ClInclude>
    <ClInclude Include="Vendor\crypto\sm4.h">
      <Filter>Header Files</Filter>
    </ClInclude>
    <ClInclude Include="Vendor\crypto\sm4_platform.h">
      <Filter>Header Files</Filter>
    </ClInclude>
    <ClInclude Include="Vendor\crypto\sparc_arch.h">
      <Filter>Header Files</Filter>
    </ClInclude>
    <ClInclude Include="Vendor\crypto\sparse_array.h">
      <Filter>Header Files</Filter>
    </ClInclude>
    <ClInclude Include="Vendor\crypto\store.h">
      <Filter>Header Files</Filter>
    </ClInclude>
    <ClInclude Include="Vendor\crypto\storeerr.h">
      <Filter>Header Files</Filter>
    </ClInclude>
    <ClInclude Include="Vendor\crypto\tserr.h">
      <Filter>Header Files</Filter>
    </ClInclude>
    <ClInclude Include="Vendor\crypto\types.h">
      <Filter>Header Files</Filter>
    </ClInclude>
    <ClInclude Include="Vendor\crypto\uierr.h">
      <Filter>Header Files</Filter>
    </ClInclude>
    <ClInclude Include="Vendor\crypto\x509.h">
      <Filter>Header Files</Filter>
    </ClInclude>
    <ClInclude Include="Vendor\crypto\x509_acert.h">
      <Filter>Header Files</Filter>
    </ClInclude>
    <ClInclude Include="Vendor\crypto\x509err.h">
      <Filter>Header Files</Filter>
    </ClInclude>
    <ClInclude Include="Vendor\crypto\x509v3err.h">
      <Filter>Header Files</Filter>
    </ClInclude>
    <ClInclude Include="Vendor\internal\__DECC_INCLUDE_EPILOGUE.H">
      <Filter>Header Files</Filter>
    </ClInclude>
    <ClInclude Include="Vendor\internal\__DECC_INCLUDE_PROLOGUE.H">
      <Filter>Header Files</Filter>
    </ClInclude>
    <ClInclude Include="Vendor\internal\asn1.h">
      <Filter>Header Files</Filter>
    </ClInclude>
    <ClInclude Include="Vendor\internal\bio.h">
      <Filter>Header Files</Filter>
    </ClInclude>
    <ClInclude Include="Vendor\internal\bio_addr.h">
      <Filter>Header Files</Filter>
    </ClInclude>
    <ClInclude Include="Vendor\internal\bio_tfo.h">
      <Filter>Header Files</Filter>
    </ClInclude>
    <ClInclude Include="Vendor\internal\common.h">
      <Filter>Header Files</Filter>
    </ClInclude>
    <ClInclude Include="Vendor\internal\comp.h">
      <Filter>Header Files</Filter>
    </ClInclude>
    <ClInclude Include="Vendor\internal\conf.h">
      <Filter>Header Files</Filter>
    </ClInclude>
    <ClInclude Include="Vendor\internal\constant_time.h">
      <Filter>Header Files</Filter>
    </ClInclude>
    <ClInclude Include="Vendor\internal\core.h">
      <Filter>Header Files</Filter>
    </ClInclude>
    <ClInclude Include="Vendor\internal\crmf.h">
      <Filter>Header Files</Filter>
    </ClInclude>
    <ClInclude Include="Vendor\internal\cryptlib.h">
      <Filter>Header Files</Filter>
    </ClInclude>
    <ClInclude Include="Vendor\internal\dane.h">
      <Filter>Header Files</Filter>
    </ClInclude>
    <ClInclude Include="Vendor\internal\deprecated.h">
      <Filter>Header Files</Filter>
    </ClInclude>
    <ClInclude Include="Vendor\internal\der.h">
      <Filter>Header Files</Filter>
    </ClInclude>
    <ClInclude Include="Vendor\internal\deterministic_nonce.h">
      <Filter>Header Files</Filter>
    </ClInclude>
    <ClInclude Include="Vendor\internal\dso.h">
      <Filter>Header Files</Filter>
    </ClInclude>
    <ClInclude Include="Vendor\internal\dsoerr.h">
      <Filter>Header Files</Filter>
    </ClInclude>
    <ClInclude Include="Vendor\internal\e_os.h">
      <Filter>Header Files</Filter>
    </ClInclude>
    <ClInclude Include="Vendor\internal\endian.h">
      <Filter>Header Files</Filter>
    </ClInclude>
    <ClInclude Include="Vendor\internal\err.h">
      <Filter>Header Files</Filter>
    </ClInclude>
    <ClInclude Include="Vendor\internal\ffc.h">
      <Filter>Header Files</Filter>
    </ClInclude>
    <ClInclude Include="Vendor\internal\hashtable.h">
      <Filter>Header Files</Filter>
    </ClInclude>
    <ClInclude Include="Vendor\internal\hpke_util.h">
      <Filter>Header Files</Filter>
    </ClInclude>
    <ClInclude Include="Vendor\internal\json_enc.h">
      <Filter>Header Files</Filter>
    </ClInclude>
    <ClInclude Include="Vendor\internal\ktls.h">
      <Filter>Header Files</Filter>
    </ClInclude>
    <ClInclude Include="Vendor\internal\list.h">
      <Filter>Header Files</Filter>
    </ClInclude>
    <ClInclude Include="Vendor\internal\namemap.h">
      <Filter>Header Files</Filter>
    </ClInclude>
    <ClInclude Include="Vendor\internal\nelem.h">
      <Filter>Header Files</Filter>
    </ClInclude>
    <ClInclude Include="Vendor\internal\numbers.h">
      <Filter>Header Files</Filter>
    </ClInclude>
    <ClInclude Include="Vendor\internal\o_dir.h">
      <Filter>Header Files</Filter>
    </ClInclude>
    <ClInclude Include="Vendor\internal\packet.h">
      <Filter>Header Files</Filter>
    </ClInclude>
    <ClInclude Include="Vendor\internal\packet_quic.h">
      <Filter>Header Files</Filter>
    </ClInclude>
    <ClInclude Include="Vendor\internal\param_build_set.h">
      <Filter>Header Files</Filter>
    </ClInclude>
    <ClInclude Include="Vendor\internal\params.h">
      <Filter>Header Files</Filter>
    </ClInclude>
    <ClInclude Include="Vendor\internal\passphrase.h">
      <Filter>Header Files</Filter>
    </ClInclude>
    <ClInclude Include="Vendor\internal\priority_queue.h">
      <Filter>Header Files</Filter>
    </ClInclude>
    <ClInclude Include="Vendor\internal\property.h">
      <Filter>Header Files</Filter>
    </ClInclude>
    <ClInclude Include="Vendor\internal\propertyerr.h">
      <Filter>Header Files</Filter>
    </ClInclude>
    <ClInclude Include="Vendor\internal\provider.h">
      <Filter>Header Files</Filter>
    </ClInclude>
    <ClInclude Include="Vendor\internal\qlog.h">
      <Filter>Header Files</Filter>
    </ClInclude>
    <ClInclude Include="Vendor\internal\qlog_event_helpers.h">
      <Filter>Header Files</Filter>
    </ClInclude>
    <ClInclude Include="Vendor\internal\qlog_events.h">
      <Filter>Header Files</Filter>
    </ClInclude>
    <ClInclude Include="Vendor\internal\quic_ackm.h">
      <Filter>Header Files</Filter>
    </ClInclude>
    <ClInclude Include="Vendor\internal\quic_cc.h">
      <Filter>Header Files</Filter>
    </ClInclude>
    <ClInclude Include="Vendor\internal\quic_cfq.h">
      <Filter>Header Files</Filter>
    </ClInclude>
    <ClInclude Include="Vendor\internal\quic_channel.h">
      <Filter>Header Files</Filter>
    </ClInclude>
    <ClInclude Include="Vendor\internal\quic_demux.h">
      <Filter>Header Files</Filter>
    </ClInclude>
    <ClInclude Include="Vendor\internal\quic_engine.h">
      <Filter>Header Files</Filter>
    </ClInclude>
    <ClInclude Include="Vendor\internal\quic_error.h">
      <Filter>Header Files</Filter>
    </ClInclude>
    <ClInclude Include="Vendor\internal\quic_fc.h">
      <Filter>Header Files</Filter>
    </ClInclude>
    <ClInclude Include="Vendor\internal\quic_fifd.h">
      <Filter>Header Files</Filter>
    </ClInclude>
    <ClInclude Include="Vendor\internal\quic_lcidm.h">
      <Filter>Header Files</Filter>
    </ClInclude>
    <ClInclude Include="Vendor\internal\quic_port.h">
      <Filter>Header Files</Filter>
    </ClInclude>
    <ClInclude Include="Vendor\internal\quic_predef.h">
      <Filter>Header Files</Filter>
    </ClInclude>
    <ClInclude Include="Vendor\internal\quic_rcidm.h">
      <Filter>Header Files</Filter>
    </ClInclude>
    <ClInclude Include="Vendor\internal\quic_reactor.h">
      <Filter>Header Files</Filter>
    </ClInclude>
    <ClInclude Include="Vendor\internal\quic_record_rx.h">
      <Filter>Header Files</Filter>
    </ClInclude>
    <ClInclude Include="Vendor\internal\quic_record_tx.h">
      <Filter>Header Files</Filter>
    </ClInclude>
    <ClInclude Include="Vendor\internal\quic_record_util.h">
      <Filter>Header Files</Filter>
    </ClInclude>
    <ClInclude Include="Vendor\internal\quic_rx_depack.h">
      <Filter>Header Files</Filter>
    </ClInclude>
    <ClInclude Include="Vendor\internal\quic_sf_list.h">
      <Filter>Header Files</Filter>
    </ClInclude>
    <ClInclude Include="Vendor\internal\quic_srt_gen.h">
      <Filter>Header Files</Filter>
    </ClInclude>
    <ClInclude Include="Vendor\internal\quic_srtm.h">
      <Filter>Header Files</Filter>
    </ClInclude>
    <ClInclude Include="Vendor\internal\quic_ssl.h">
      <Filter>Header Files</Filter>
    </ClInclude>
    <ClInclude Include="Vendor\internal\quic_statm.h">
      <Filter>Header Files</Filter>
    </ClInclude>
    <ClInclude Include="Vendor\internal\quic_stream.h">
      <Filter>Header Files</Filter>
    </ClInclude>
    <ClInclude Include="Vendor\internal\quic_stream_map.h">
      <Filter>Header Files</Filter>
    </ClInclude>
    <ClInclude Include="Vendor\internal\quic_thread_assist.h">
      <Filter>Header Files</Filter>
    </ClInclude>
    <ClInclude Include="Vendor\internal\quic_tls.h">
      <Filter>Header Files</Filter>
    </ClInclude>
    <ClInclude Include="Vendor\internal\quic_tserver.h">
      <Filter>Header Files</Filter>
    </ClInclude>
    <ClInclude Include="Vendor\internal\quic_txp.h">
      <Filter>Header Files</Filter>
    </ClInclude>
    <ClInclude Include="Vendor\internal\quic_txpim.h">
      <Filter>Header Files</Filter>
    </ClInclude>
    <ClInclude Include="Vendor\internal\quic_types.h">
      <Filter>Header Files</Filter>
    </ClInclude>
    <ClInclude Include="Vendor\internal\quic_vlint.h">
      <Filter>Header Files</Filter>
    </ClInclude>
    <ClInclude Include="Vendor\internal\quic_wire.h">
      <Filter>Header Files</Filter>
    </ClInclude>
    <ClInclude Include="Vendor\internal\quic_wire_pkt.h">
      <Filter>Header Files</Filter>
    </ClInclude>
    <ClInclude Include="Vendor\internal\rcu.h">
      <Filter>Header Files</Filter>
    </ClInclude>
    <ClInclude Include="Vendor\internal\recordmethod.h">
      <Filter>Header Files</Filter>
    </ClInclude>
    <ClInclude Include="Vendor\internal\refcount.h">
      <Filter>Header Files</Filter>
    </ClInclude>
    <ClInclude Include="Vendor\internal\ring_buf.h">
      <Filter>Header Files</Filter>
    </ClInclude>
    <ClInclude Include="Vendor\internal\safe_math.h">
      <Filter>Header Files</Filter>
    </ClInclude>
    <ClInclude Include="Vendor\internal\sha3.h">
      <Filter>Header Files</Filter>
    </ClInclude>
    <ClInclude Include="Vendor\internal\sizes.h">
      <Filter>Header Files</Filter>
    </ClInclude>
    <ClInclude Include="Vendor\internal\sm3.h">
      <Filter>Header Files</Filter>
    </ClInclude>
    <ClInclude Include="Vendor\internal\sockets.h">
      <Filter>Header Files</Filter>
    </ClInclude>
    <ClInclude Include="Vendor\internal\ssl.h">
      <Filter>Header Files</Filter>
    </ClInclude>
    <ClInclude Include="Vendor\internal\ssl3_cbc.h">
      <Filter>Header Files</Filter>
    </ClInclude>
    <ClInclude Include="Vendor\internal\sslconf.h">
      <Filter>Header Files</Filter>
    </ClInclude>
    <ClInclude Include="Vendor\internal\statem.h">
      <Filter>Header Files</Filter>
    </ClInclude>
    <ClInclude Include="Vendor\internal\symhacks.h">
      <Filter>Header Files</Filter>
    </ClInclude>
    <ClInclude Include="Vendor\internal\thread.h">
      <Filter>Header Files</Filter>
    </ClInclude>
    <ClInclude Include="Vendor\internal\thread_arch.h">
      <Filter>Header Files</Filter>
    </ClInclude>
    <ClInclude Include="Vendor\internal\thread_once.h">
      <Filter>Header Files</Filter>
    </ClInclude>
    <ClInclude Include="Vendor\internal\time.h">
      <Filter>Header Files</Filter>
    </ClInclude>
    <ClInclude Include="Vendor\internal\tlsgroups.h">
      <Filter>Header Files</Filter>
    </ClInclude>
    <ClInclude Include="Vendor\internal\to_hex.h">
      <Filter>Header Files</Filter>
    </ClInclude>
    <ClInclude Include="Vendor\internal\tsan_assist.h">
      <Filter>Header Files</Filter>
    </ClInclude>
    <ClInclude Include="Vendor\internal\uint_set.h">
      <Filter>Header Files</Filter>
    </ClInclude>
    <ClInclude Include="Vendor\internal\unicode.h">
      <Filter>Header Files</Filter>
    </ClInclude>
    <ClInclude Include="Vendor\jsoncons\config\binary_config.hpp">
      <Filter>Header Files</Filter>
    </ClInclude>
    <ClInclude Include="Vendor\jsoncons\config\compiler_support.hpp">
      <Filter>Header Files</Filter>
    </ClInclude>
    <ClInclude Include="Vendor\jsoncons\config\jsoncons_config.hpp">
      <Filter>Header Files</Filter>
    </ClInclude>
    <ClInclude Include="Vendor\jsoncons\config\version.hpp">
      <Filter>Header Files</Filter>
    </ClInclude>
    <ClInclude Include="Vendor\jsoncons\detail\endian.hpp">
      <Filter>Header Files</Filter>
    </ClInclude>
    <ClInclude Include="Vendor\jsoncons\detail\grisu3.hpp">
      <Filter>Header Files</Filter>
    </ClInclude>
    <ClInclude Include="Vendor\jsoncons\detail\heap_string.hpp">
      <Filter>Header Files</Filter>
    </ClInclude>
    <ClInclude Include="Vendor\jsoncons\detail\optional.hpp">
      <Filter>Header Files</Filter>
    </ClInclude>
    <ClInclude Include="Vendor\jsoncons\detail\parse_number.hpp">
      <Filter>Header Files</Filter>
    </ClInclude>
    <ClInclude Include="Vendor\jsoncons\detail\span.hpp">
      <Filter>Header Files</Filter>
    </ClInclude>
    <ClInclude Include="Vendor\jsoncons\detail\string_view.hpp">
      <Filter>Header Files</Filter>
    </ClInclude>
    <ClInclude Include="Vendor\jsoncons\detail\write_number.hpp">
      <Filter>Header Files</Filter>
    </ClInclude>
    <ClInclude Include="Vendor\jsoncons\allocator_holder.hpp">
      <Filter>Header Files</Filter>
    </ClInclude>
    <ClInclude Include="Vendor\jsoncons\allocator_set.hpp">
      <Filter>Header Files</Filter>
    </ClInclude>
    <ClInclude Include="Vendor\jsoncons\basic_json.hpp">
      <Filter>Header Files</Filter>
    </ClInclude>
    <ClInclude Include="Vendor\jsoncons\bigint.hpp">
      <Filter>Header Files</Filter>
    </ClInclude>
    <ClInclude Include="Vendor\jsoncons\byte_string.hpp">
      <Filter>Header Files</Filter>
    </ClInclude>
    <ClInclude Include="Vendor\jsoncons\conv_error.hpp">
      <Filter>Header Files</Filter>
    </ClInclude>
    <ClInclude Include="Vendor\jsoncons\decode_json.hpp">
      <Filter>Header Files</Filter>
    </ClInclude>
    <ClInclude Include="Vendor\jsoncons\decode_traits.hpp">
      <Filter>Header Files</Filter>
    </ClInclude>
    <ClInclude Include="Vendor\jsoncons\encode_json.hpp">
      <Filter>Header Files</Filter>
    </ClInclude>
    <ClInclude Include="Vendor\jsoncons\encode_traits.hpp">
      <Filter>Header Files</Filter>
    </ClInclude>
    <ClInclude Include="Vendor\jsoncons\extension_traits.hpp">
      <Filter>Header Files</Filter>
    </ClInclude>
    <ClInclude Include="Vendor\jsoncons\item_event_reader.hpp">
      <Filter>Header Files</Filter>
    </ClInclude>
    <ClInclude Include="Vendor\jsoncons\item_event_visitor.hpp">
      <Filter>Header Files</Filter>
    </ClInclude>
    <ClInclude Include="Vendor\jsoncons\json.hpp">
      <Filter>Header Files</Filter>
    </ClInclude>
    <ClInclude Include="Vendor\jsoncons\json_array.hpp">
      <Filter>Header Files</Filter>
    </ClInclude>
    <ClInclude Include="Vendor\jsoncons\json_content_handler.hpp">
      <Filter>Header Files</Filter>
    </ClInclude>
    <ClInclude Include="Vendor\jsoncons\json_cursor.hpp">
      <Filter>Header Files</Filter>
    </ClInclude>
    <ClInclude Include="Vendor\jsoncons\json_decoder.hpp">
      <Filter>Header Files</Filter>
    </ClInclude>
    <ClInclude Include="Vendor\jsoncons\json_encoder.hpp">
      <Filter>Header Files</Filter>
    </ClInclude>
    <ClInclude Include="Vendor\jsoncons\json_error.hpp">
      <Filter>Header Files</Filter>
    </ClInclude>
    <ClInclude Include="Vendor\jsoncons\json_exception.hpp">
      <Filter>Header Files</Filter>
    </ClInclude>
    <ClInclude Include="Vendor\jsoncons\json_filter.hpp">
      <Filter>Header Files</Filter>
    </ClInclude>
    <ClInclude Include="Vendor\jsoncons\json_fwd.hpp">
      <Filter>Header Files</Filter>
    </ClInclude>
    <ClInclude Include="Vendor\jsoncons\json_object.hpp">
      <Filter>Header Files</Filter>
    </ClInclude>
    <ClInclude Include="Vendor\jsoncons\json_options.hpp">
      <Filter>Header Files</Filter>
    </ClInclude>
    <ClInclude Include="Vendor\jsoncons\json_parser.hpp">
      <Filter>Header Files</Filter>
    </ClInclude>
    <ClInclude Include="Vendor\jsoncons\json_reader.hpp">
      <Filter>Header Files</Filter>
    </ClInclude>
    <ClInclude Include="Vendor\jsoncons\json_traits_macros.hpp">
      <Filter>Header Files</Filter>
    </ClInclude>
    <ClInclude Include="Vendor\jsoncons\json_traits_macros_deprecated.hpp">
      <Filter>Header Files</Filter>
    </ClInclude>
    <ClInclude Include="Vendor\jsoncons\json_type.hpp">
      <Filter>Header Files</Filter>
    </ClInclude>
    <ClInclude Include="Vendor\jsoncons\json_type_traits.hpp">
      <Filter>Header Files</Filter>
    </ClInclude>
    <ClInclude Include="Vendor\jsoncons\json_visitor.hpp">
      <Filter>Header Files</Filter>
    </ClInclude>
    <ClInclude Include="Vendor\jsoncons\pretty_print.hpp">
      <Filter>Header Files</Filter>
    </ClInclude>
    <ClInclude Include="Vendor\jsoncons\ser_context.hpp">
      <Filter>Header Files</Filter>
    </ClInclude>
    <ClInclude Include="Vendor\jsoncons\sink.hpp">
      <Filter>Header Files</Filter>
    </ClInclude>
    <ClInclude Include="Vendor\jsoncons\source.hpp">
      <Filter>Header Files</Filter>
    </ClInclude>
    <ClInclude Include="Vendor\jsoncons\source_adaptor.hpp">
      <Filter>Header Files</Filter>
    </ClInclude>
    <ClInclude Include="Vendor\jsoncons\staj_cursor.hpp">
      <Filter>Header Files</Filter>
    </ClInclude>
    <ClInclude Include="Vendor\jsoncons\staj_iterator.hpp">
      <Filter>Header Files</Filter>
    </ClInclude>
    <ClInclude Include="Vendor\jsoncons\tag_type.hpp">
      <Filter>Header Files</Filter>
    </ClInclude>
    <ClInclude Include="Vendor\jsoncons\text_source_adaptor.hpp">
      <Filter>Header Files</Filter>
    </ClInclude>
    <ClInclude Include="Vendor\jsoncons\typed_array_view.hpp">
      <Filter>Header Files</Filter>
    </ClInclude>
    <ClInclude Include="Vendor\jsoncons\unicode_traits.hpp">
      <Filter>Header Files</Filter>
    </ClInclude>
    <ClInclude Include="Vendor\jsoncons\uri.hpp">
      <Filter>Header Files</Filter>
    </ClInclude>
    <ClInclude Include="Vendor\jsoncons\value_converter.hpp">
      <Filter>Header Files</Filter>
    </ClInclude>
    <ClInclude Include="Vendor\jsoncons_ext\bson\bson.hpp">
      <Filter>Header Files</Filter>
    </ClInclude>
    <ClInclude Include="Vendor\jsoncons_ext\bson\bson_cursor.hpp">
      <Filter>Header Files</Filter>
    </ClInclude>
    <ClInclude Include="Vendor\jsoncons_ext\bson\bson_decimal128.hpp">
      <Filter>Header Files</Filter>
    </ClInclude>
    <ClInclude Include="Vendor\jsoncons_ext\bson\bson_encoder.hpp">
      <Filter>Header Files</Filter>
    </ClInclude>
    <ClInclude Include="Vendor\jsoncons_ext\bson\bson_error.hpp">
      <Filter>Header Files</Filter>
    </ClInclude>
    <ClInclude Include="Vendor\jsoncons_ext\bson\bson_oid.hpp">
      <Filter>Header Files</Filter>
    </ClInclude>
    <ClInclude Include="Vendor\jsoncons_ext\bson\bson_options.hpp">
      <Filter>Header Files</Filter>
    </ClInclude>
    <ClInclude Include="Vendor\jsoncons_ext\bson\bson_parser.hpp">
      <Filter>Header Files</Filter>
    </ClInclude>
    <ClInclude Include="Vendor\jsoncons_ext\bson\bson_reader.hpp">
      <Filter>Header Files</Filter>
    </ClInclude>
    <ClInclude Include="Vendor\jsoncons_ext\bson\bson_type.hpp">
      <Filter>Header Files</Filter>
    </ClInclude>
    <ClInclude Include="Vendor\jsoncons_ext\bson\decode_bson.hpp">
      <Filter>Header Files</Filter>
    </ClInclude>
    <ClInclude Include="Vendor\jsoncons_ext\bson\encode_bson.hpp">
      <Filter>Header Files</Filter>
    </ClInclude>
    <ClInclude Include="Vendor\jsoncons_ext\cbor\cbor.hpp">
      <Filter>Header Files</Filter>
    </ClInclude>
    <ClInclude Include="Vendor\jsoncons_ext\cbor\cbor_cursor.hpp">
      <Filter>Header Files</Filter>
    </ClInclude>
    <ClInclude Include="Vendor\jsoncons_ext\cbor\cbor_detail.hpp">
      <Filter>Header Files</Filter>
    </ClInclude>
    <ClInclude Include="Vendor\jsoncons_ext\cbor\cbor_encoder.hpp">
      <Filter>Header Files</Filter>
    </ClInclude>
    <ClInclude Include="Vendor\jsoncons_ext\cbor\cbor_error.hpp">
      <Filter>Header Files</Filter>
    </ClInclude>
    <ClInclude Include="Vendor\jsoncons_ext\cbor\cbor_event_reader.hpp">
      <Filter>Header Files</Filter>
    </ClInclude>
    <ClInclude Include="Vendor\jsoncons_ext\cbor\cbor_options.hpp">
      <Filter>Header Files</Filter>
    </ClInclude>
    <ClInclude Include="Vendor\jsoncons_ext\cbor\cbor_parser.hpp">
      <Filter>Header Files</Filter>
    </ClInclude>
    <ClInclude Include="Vendor\jsoncons_ext\cbor\cbor_reader.hpp">
      <Filter>Header Files</Filter>
    </ClInclude>
    <ClInclude Include="Vendor\jsoncons_ext\cbor\decode_cbor.hpp">
      <Filter>Header Files</Filter>
    </ClInclude>
    <ClInclude Include="Vendor\jsoncons_ext\cbor\encode_cbor.hpp">
      <Filter>Header Files</Filter>
    </ClInclude>
    <ClInclude Include="Vendor\jsoncons_ext\csv\csv.hpp">
      <Filter>Header Files</Filter>
    </ClInclude>
    <ClInclude Include="Vendor\jsoncons_ext\csv\csv_cursor.hpp">
      <Filter>Header Files</Filter>
    </ClInclude>
    <ClInclude Include="Vendor\jsoncons_ext\csv\csv_encoder.hpp">
      <Filter>Header Files</Filter>
    </ClInclude>
    <ClInclude Include="Vendor\jsoncons_ext\csv\csv_error.hpp">
      <Filter>Header Files</Filter>
    </ClInclude>
    <ClInclude Include="Vendor\jsoncons_ext\csv\csv_options.hpp">
      <Filter>Header Files</Filter>
    </ClInclude>
    <ClInclude Include="Vendor\jsoncons_ext\csv\csv_parser.hpp">
      <Filter>Header Files</Filter>
    </ClInclude>
    <ClInclude Include="Vendor\jsoncons_ext\csv\csv_reader.hpp">
      <Filter>Header Files</Filter>
    </ClInclude>
    <ClInclude Include="Vendor\jsoncons_ext\csv\csv_serializer.hpp">
      <Filter>Header Files</Filter>
    </ClInclude>
    <ClInclude Include="Vendor\jsoncons_ext\csv\decode_csv.hpp">
      <Filter>Header Files</Filter>
    </ClInclude>
    <ClInclude Include="Vendor\jsoncons_ext\csv\encode_csv.hpp">
      <Filter>Header Files</Filter>
    </ClInclude>
    <ClInclude Include="Vendor\jsoncons_ext\jmespath\jmespath.hpp">
      <Filter>Header Files</Filter>
    </ClInclude>
    <ClInclude Include="Vendor\jsoncons_ext\jmespath\jmespath_error.hpp">
      <Filter>Header Files</Filter>
    </ClInclude>
    <ClInclude Include="Vendor\jsoncons_ext\jsonpatch\jsonpatch.hpp">
      <Filter>Header Files</Filter>
    </ClInclude>
    <ClInclude Include="Vendor\jsoncons_ext\jsonpatch\jsonpatch_error.hpp">
      <Filter>Header Files</Filter>
    </ClInclude>
    <ClInclude Include="Vendor\jsoncons_ext\jsonpath\expression.hpp">
      <Filter>Header Files</Filter>
    </ClInclude>
    <ClInclude Include="Vendor\jsoncons_ext\jsonpath\flatten.hpp">
      <Filter>Header Files</Filter>
    </ClInclude>
    <ClInclude Include="Vendor\jsoncons_ext\jsonpath\json_location.hpp">
      <Filter>Header Files</Filter>
    </ClInclude>
    <ClInclude Include="Vendor\jsoncons_ext\jsonpath\json_location_parser.hpp">
      <Filter>Header Files</Filter>
    </ClInclude>
    <ClInclude Include="Vendor\jsoncons_ext\jsonpath\json_query.hpp">
      <Filter>Header Files</Filter>
    </ClInclude>
    <ClInclude Include="Vendor\jsoncons_ext\jsonpath\jsonpath.hpp">
      <Filter>Header Files</Filter>
    </ClInclude>
    <ClInclude Include="Vendor\jsoncons_ext\jsonpath\jsonpath_error.hpp">
      <Filter>Header Files</Filter>
    </ClInclude>
    <ClInclude Include="Vendor\jsoncons_ext\jsonpath\jsonpath_expression.hpp">
      <Filter>Header Files</Filter>
    </ClInclude>
    <ClInclude Include="Vendor\jsoncons_ext\jsonpath\jsonpath_parser.hpp">
      <Filter>Header Files</Filter>
    </ClInclude>
    <ClInclude Include="Vendor\jsoncons_ext\jsonpath\jsonpath_selector.hpp">
      <Filter>Header Files</Filter>
    </ClInclude>
    <ClInclude Include="Vendor\jsoncons_ext\jsonpath\jsonpath_utilities.hpp">
      <Filter>Header Files</Filter>
    </ClInclude>
    <ClInclude Include="Vendor\jsoncons_ext\jsonpath\path_node.hpp">
      <Filter>Header Files</Filter>
    </ClInclude>
    <ClInclude Include="Vendor\jsoncons_ext\jsonpointer\jsonpointer.hpp">
      <Filter>Header Files</Filter>
    </ClInclude>
    <ClInclude Include="Vendor\jsoncons_ext\jsonpointer\jsonpointer_error.hpp">
      <Filter>Header Files</Filter>
    </ClInclude>
    <ClInclude Include="Vendor\jsoncons_ext\jsonschema\common\compilation_context.hpp">
      <Filter>Header Files</Filter>
    </ClInclude>
    <ClInclude Include="Vendor\jsoncons_ext\jsonschema\common\format_validator.hpp">
      <Filter>Header Files</Filter>
    </ClInclude>
    <ClInclude Include="Vendor\jsoncons_ext\jsonschema\common\keyword_validator.hpp">
      <Filter>Header Files</Filter>
    </ClInclude>
    <ClInclude Include="Vendor\jsoncons_ext\jsonschema\common\keywords.hpp">
      <Filter>Header Files</Filter>
    </ClInclude>
    <ClInclude Include="Vendor\jsoncons_ext\jsonschema\common\schema_location.hpp">
      <Filter>Header Files</Filter>
    </ClInclude>
    <ClInclude Include="Vendor\jsoncons_ext\jsonschema\common\schema_parser.hpp">
      <Filter>Header Files</Filter>
    </ClInclude>
    <ClInclude Include="Vendor\jsoncons_ext\jsonschema\draft7\schema_draft7.hpp">
      <Filter>Header Files</Filter>
    </ClInclude>
    <ClInclude Include="Vendor\jsoncons_ext\jsonschema\draft7\schema_parser_impl.hpp">
      <Filter>Header Files</Filter>
    </ClInclude>
    <ClInclude Include="Vendor\jsoncons_ext\jsonschema\json_schema.hpp">
      <Filter>Header Files</Filter>
    </ClInclude>
    <ClInclude Include="Vendor\jsoncons_ext\jsonschema\json_validator.hpp">
      <Filter>Header Files</Filter>
    </ClInclude>
    <ClInclude Include="Vendor\jsoncons_ext\jsonschema\jsonschema.hpp">
      <Filter>Header Files</Filter>
    </ClInclude>
    <ClInclude Include="Vendor\jsoncons_ext\jsonschema\jsonschema_error.hpp">
      <Filter>Header Files</Filter>
    </ClInclude>
    <ClInclude Include="Vendor\jsoncons_ext\jsonschema\schema_factory.hpp">
      <Filter>Header Files</Filter>
    </ClInclude>
    <ClInclude Include="Vendor\jsoncons_ext\jsonschema\schema_version.hpp">
      <Filter>Header Files</Filter>
    </ClInclude>
    <ClInclude Include="Vendor\jsoncons_ext\mergepatch\mergepatch.hpp">
      <Filter>Header Files</Filter>
    </ClInclude>
    <ClInclude Include="Vendor\jsoncons_ext\msgpack\decode_msgpack.hpp">
      <Filter>Header Files</Filter>
    </ClInclude>
    <ClInclude Include="Vendor\jsoncons_ext\msgpack\encode_msgpack.hpp">
      <Filter>Header Files</Filter>
    </ClInclude>
    <ClInclude Include="Vendor\jsoncons_ext\msgpack\msgpack.hpp">
      <Filter>Header Files</Filter>
    </ClInclude>
    <ClInclude Include="Vendor\jsoncons_ext\msgpack\msgpack_cursor.hpp">
      <Filter>Header Files</Filter>
    </ClInclude>
    <ClInclude Include="Vendor\jsoncons_ext\msgpack\msgpack_encoder.hpp">
      <Filter>Header Files</Filter>
    </ClInclude>
    <ClInclude Include="Vendor\jsoncons_ext\msgpack\msgpack_error.hpp">
      <Filter>Header Files</Filter>
    </ClInclude>
    <ClInclude Include="Vendor\jsoncons_ext\msgpack\msgpack_event_reader.hpp">
      <Filter>Header Files</Filter>
    </ClInclude>
    <ClInclude Include="Vendor\jsoncons_ext\msgpack\msgpack_options.hpp">
      <Filter>Header Files</Filter>
    </ClInclude>
    <ClInclude Include="Vendor\jsoncons_ext\msgpack\msgpack_parser.hpp">
      <Filter>Header Files</Filter>
    </ClInclude>
    <ClInclude Include="Vendor\jsoncons_ext\msgpack\msgpack_reader.hpp">
      <Filter>Header Files</Filter>
    </ClInclude>
    <ClInclude Include="Vendor\jsoncons_ext\msgpack\msgpack_type.hpp">
      <Filter>Header Files</Filter>
    </ClInclude>
    <ClInclude Include="Vendor\jsoncons_ext\ubjson\decode_ubjson.hpp">
      <Filter>Header Files</Filter>
    </ClInclude>
    <ClInclude Include="Vendor\jsoncons_ext\ubjson\encode_ubjson.hpp">
      <Filter>Header Files</Filter>
    </ClInclude>
    <ClInclude Include="Vendor\jsoncons_ext\ubjson\ubjson.hpp">
      <Filter>Header Files</Filter>
    </ClInclude>
    <ClInclude Include="Vendor\jsoncons_ext\ubjson\ubjson_cursor.hpp">
      <Filter>Header Files</Filter>
    </ClInclude>
    <ClInclude Include="Vendor\jsoncons_ext\ubjson\ubjson_encoder.hpp">
      <Filter>Header Files</Filter>
    </ClInclude>
    <ClInclude Include="Vendor\jsoncons_ext\ubjson\ubjson_error.hpp">
      <Filter>Header Files</Filter>
    </ClInclude>
    <ClInclude Include="Vendor\jsoncons_ext\ubjson\ubjson_options.hpp">
      <Filter>Header Files</Filter>
    </ClInclude>
    <ClInclude Include="Vendor\jsoncons_ext\ubjson\ubjson_parser.hpp">
      <Filter>Header Files</Filter>
    </ClInclude>
    <ClInclude Include="Vendor\jsoncons_ext\ubjson\ubjson_reader.hpp">
      <Filter>Header Files</Filter>
    </ClInclude>
    <ClInclude Include="Vendor\jsoncons_ext\ubjson\ubjson_type.hpp">
      <Filter>Header Files</Filter>
    </ClInclude>
    <ClInclude Include="Common.h">
      <Filter>Header Files</Filter>
    </ClInclude>
    <ClInclude Include="Vendor\VMProtect\VMProtectSDK.h">
      <Filter>Header Files</Filter>
    </ClInclude>
    <ClInclude Include="SharedProtocols.h">
      <Filter>Header Files</Filter>
    </ClInclude>
    <ClInclude Include="Helpers\AES.h">
      <Filter>Header Files</Filter>
    </ClInclude>
    <ClInclude Include="CAtomicCore.h">
      <Filter>Header Files</Filter>
    </ClInclude>
    <ClInclude Include="SecurityChecks.h">
      <Filter>Header Files</Filter>
    </ClInclude>
    <ClInclude Include="RuntimeImportResolver.h">
      <Filter>Header Files</Filter>
    </ClInclude>
    <ClInclude Include="skCrypter.h">
      <Filter>Header Files</Filter>
    </ClInclude>
    <ClInclude Include="Vendor\curl\curl.h">
      <Filter>Header Files</Filter>
    </ClInclude>
    <ClInclude Include="Vendor\curl\curlver.h">
      <Filter>Header Files</Filter>
    </ClInclude>
    <ClInclude Include="Vendor\curl\easy.h">
      <Filter>Header Files</Filter>
    </ClInclude>
    <ClInclude Include="Vendor\curl\header.h">
      <Filter>Header Files</Filter>
    </ClInclude>
    <ClInclude Include="Vendor\curl\mprintf.h">
      <Filter>Header Files</Filter>
    </ClInclude>
    <ClInclude Include="Vendor\curl\multi.h">
      <Filter>Header Files</Filter>
    </ClInclude>
    <ClInclude Include="Vendor\curl\options.h">
      <Filter>Header Files</Filter>
    </ClInclude>
    <ClInclude Include="Vendor\curl\stdcheaders.h">
      <Filter>Header Files</Filter>
    </ClInclude>
    <ClInclude Include="Vendor\curl\system.h">
      <Filter>Header Files</Filter>
    </ClInclude>
    <ClInclude Include="Vendor\curl\typecheck-gcc.h">
      <Filter>Header Files</Filter>
    </ClInclude>
    <ClInclude Include="Vendor\curl\urlapi.h">
      <Filter>Header Files</Filter>
    </ClInclude>
    <ClInclude Include="Vendor\curl\websockets.h">
      <Filter>Header Files</Filter>
    </ClInclude>
  </ItemGroup>
  <ItemGroup>
    <None Include="Vendor\crypto\riscv_arch.def">
      <Filter>Source Files</Filter>
    </None>
  </ItemGroup>
</Project>