<?xml version="1.0" encoding="utf-8"?>
<Project ToolsVersion="4.0" xmlns="http://schemas.microsoft.com/developer/msbuild/2003">
  <ItemGroup>
    <Filter Include="Source Files">
      <UniqueIdentifier>{4FC737F1-C7A5-4376-A066-2A32D752A2FF}</UniqueIdentifier>
      <Extensions>cpp;c;cc;cxx;c++;cppm;ixx;def;odl;idl;hpj;bat;asm;asmx</Extensions>
    </Filter>
    <Filter Include="Header Files">
      <UniqueIdentifier>{93995380-89BD-4b04-88EB-625FBE52EBFB}</UniqueIdentifier>
      <Extensions>h;hh;hpp;hxx;h++;hm;inl;inc;ipp;xsd</Extensions>
    </Filter>
    <Filter Include="Resource Files">
      <UniqueIdentifier>{67DA6AB6-F800-4c08-8B7A-83BB121AAD01}</UniqueIdentifier>
      <Extensions>rc;ico;cur;bmp;dlg;rc2;rct;bin;rgs;gif;jpg;jpeg;jpe;resx;tiff;tif;png;wav;mfcribbon-ms</Extensions>
    </Filter>
  </ItemGroup>
  <ItemGroup>
    <ClCompile Include="dllmain.cpp">
      <Filter>Source Files</Filter>
    </ClCompile>
    <ClCompile Include="StdInc.cpp">
      <Filter>Source Files</Filter>
    </ClCompile>
    <ClCompile Include="CSafeNetwork.cpp">
      <Filter>Source Files</Filter>
    </ClCompile>
    <ClCompile Include="CHWID.cpp">
      <Filter>Source Files</Filter>
    </ClCompile>
    <ClCompile Include="Vendor\LiteRegedit\LiteRegedit.cpp">
      <Filter>Source Files</Filter>
    </ClCompile>
    <ClCompile Include="CSafeAntiCheat.cpp">
      <Filter>Source Files</Filter>
    </ClCompile>
    <ClCompile Include="Guards\CGuardBase.cpp">
      <Filter>Source Files</Filter>
    </ClCompile>
    <ClCompile Include="Guards\CMemoryGuard.cpp">
      <Filter>Source Files</Filter>
    </ClCompile>
    <ClCompile Include="CGuardManager.cpp">
      <Filter>Source Files</Filter>
    </ClCompile>
    <ClCompile Include="Utils.cpp">
      <Filter>Source Files</Filter>
    </ClCompile>
    <ClCompile Include="Vendor\ixwebsocket\IXBench.cpp">
      <Filter>Source Files</Filter>
    </ClCompile>
    <ClCompile Include="Vendor\ixwebsocket\IXCancellationRequest.cpp">
      <Filter>Source Files</Filter>
    </ClCompile>
    <ClCompile Include="Vendor\ixwebsocket\IXConnectionState.cpp">
      <Filter>Source Files</Filter>
    </ClCompile>
    <ClCompile Include="Vendor\ixwebsocket\IXDNSLookup.cpp">
      <Filter>Source Files</Filter>
    </ClCompile>
    <ClCompile Include="Vendor\ixwebsocket\IXExponentialBackoff.cpp">
      <Filter>Source Files</Filter>
    </ClCompile>
    <ClCompile Include="Vendor\ixwebsocket\IXGetFreePort.cpp">
      <Filter>Source Files</Filter>
    </ClCompile>
    <ClCompile Include="Vendor\ixwebsocket\IXGzipCodec.cpp">
      <Filter>Source Files</Filter>
    </ClCompile>
    <ClCompile Include="Vendor\ixwebsocket\IXHttp.cpp">
      <Filter>Source Files</Filter>
    </ClCompile>
    <ClCompile Include="Vendor\ixwebsocket\IXHttpClient.cpp">
      <Filter>Source Files</Filter>
    </ClCompile>
    <ClCompile Include="Vendor\ixwebsocket\IXHttpServer.cpp">
      <Filter>Source Files</Filter>
    </ClCompile>
    <ClCompile Include="Vendor\ixwebsocket\IXNetSystem.cpp">
      <Filter>Source Files</Filter>
    </ClCompile>
    <ClCompile Include="Vendor\ixwebsocket\IXSelectInterrupt.cpp">
      <Filter>Source Files</Filter>
    </ClCompile>
    <ClCompile Include="Vendor\ixwebsocket\IXSelectInterruptEvent.cpp">
      <Filter>Source Files</Filter>
    </ClCompile>
    <ClCompile Include="Vendor\ixwebsocket\IXSelectInterruptFactory.cpp">
      <Filter>Source Files</Filter>
    </ClCompile>
    <ClCompile Include="Vendor\ixwebsocket\IXSelectInterruptPipe.cpp">
      <Filter>Source Files</Filter>
    </ClCompile>
    <ClCompile Include="Vendor\ixwebsocket\IXSetThreadName.cpp">
      <Filter>Source Files</Filter>
    </ClCompile>
    <ClCompile Include="Vendor\ixwebsocket\IXSocket.cpp">
      <Filter>Source Files</Filter>
    </ClCompile>
    <ClCompile Include="Vendor\ixwebsocket\IXSocketAppleSSL.cpp">
      <Filter>Source Files</Filter>
    </ClCompile>
    <ClCompile Include="Vendor\ixwebsocket\IXSocketConnect.cpp">
      <Filter>Source Files</Filter>
    </ClCompile>
    <ClCompile Include="Vendor\ixwebsocket\IXSocketFactory.cpp">
      <Filter>Source Files</Filter>
    </ClCompile>
    <ClCompile Include="Vendor\ixwebsocket\IXSocketMbedTLS.cpp">
      <Filter>Source Files</Filter>
    </ClCompile>
    <ClCompile Include="Vendor\ixwebsocket\IXSocketOpenSSL.cpp">
      <Filter>Source Files</Filter>
    </ClCompile>
    <ClCompile Include="Vendor\ixwebsocket\IXSocketServer.cpp">
      <Filter>Source Files</Filter>
    </ClCompile>
    <ClCompile Include="Vendor\ixwebsocket\IXSocketTLSOptions.cpp">
      <Filter>Source Files</Filter>
    </ClCompile>
    <ClCompile Include="Vendor\ixwebsocket\IXStrCaseCompare.cpp">
      <Filter>Source Files</Filter>
    </ClCompile>
    <ClCompile Include="Vendor\ixwebsocket\IXUdpSocket.cpp">
      <Filter>Source Files</Filter>
    </ClCompile>
    <ClCompile Include="Vendor\ixwebsocket\IXUrlParser.cpp">
      <Filter>Source Files</Filter>
    </ClCompile>
    <ClCompile Include="Vendor\ixwebsocket\IXUserAgent.cpp">
      <Filter>Source Files</Filter>
    </ClCompile>
    <ClCompile Include="Vendor\ixwebsocket\IXUuid.cpp">
      <Filter>Source Files</Filter>
    </ClCompile>
    <ClCompile Include="Vendor\ixwebsocket\IXWebSocket.cpp">
      <Filter>Source Files</Filter>
    </ClCompile>
    <ClCompile Include="Vendor\ixwebsocket\IXWebSocketCloseConstants.cpp">
      <Filter>Source Files</Filter>
    </ClCompile>
    <ClCompile Include="Vendor\ixwebsocket\IXWebSocketHandshake.cpp">
      <Filter>Source Files</Filter>
    </ClCompile>
    <ClCompile Include="Vendor\ixwebsocket\IXWebSocketHttpHeaders.cpp">
      <Filter>Source Files</Filter>
    </ClCompile>
    <ClCompile Include="Vendor\ixwebsocket\IXWebSocketPerMessageDeflate.cpp">
      <Filter>Source Files</Filter>
    </ClCompile>
    <ClCompile Include="Vendor\ixwebsocket\IXWebSocketPerMessageDeflateCodec.cpp">
      <Filter>Source Files</Filter>
    </ClCompile>
    <ClCompile Include="Vendor\ixwebsocket\IXWebSocketPerMessageDeflateOptions.cpp">
      <Filter>Source Files</Filter>
    </ClCompile>
    <ClCompile Include="Vendor\ixwebsocket\IXWebSocketProxyServer.cpp">
      <Filter>Source Files</Filter>
    </ClCompile>
    <ClCompile Include="Vendor\ixwebsocket\IXWebSocketServer.cpp">
      <Filter>Source Files</Filter>
    </ClCompile>
    <ClCompile Include="Vendor\ixwebsocket\IXWebSocketTransport.cpp">
      <Filter>Source Files</Filter>
    </ClCompile>
    <ClCompile Include="Guards\CHeuristicGuard.cpp">
      <Filter>Source Files</Filter>
    </ClCompile>
    <ClCompile Include="Guards\CThreadGuard.cpp">
      <Filter>Source Files</Filter>
    </ClCompile>
    <ClCompile Include="Guards\CModuleGuard.cpp">
      <Filter>Source Files</Filter>
    </ClCompile>
    <ClCompile Include="CAtomicThread.cpp">
      <Filter>Source Files</Filter>
    </ClCompile>
    <ClCompile Include="FileAuthentication.cpp">
      <Filter>Source Files</Filter>
    </ClCompile>
    <ClCompile Include="Guards\CProcessGuard.cpp">
      <Filter>Source Files</Filter>
    </ClCompile>
    <ClCompile Include="CAtomicHook.cpp">
      <Filter>Source Files</Filter>
    </ClCompile>
    <ClCompile Include="BasicChecks.cpp">
      <Filter>Source Files</Filter>
    </ClCompile>
    <ClCompile Include="Screenshot.cpp">
      <Filter>Source Files</Filter>
    </ClCompile>
  </ItemGroup>
  <ItemGroup>
    <ClInclude Include="StdInc.h">
      <Filter>Header Files</Filter>
    </ClInclude>
    <ClInclude Include="CSafeNetwork.h">
      <Filter>Header Files</Filter>
    </ClInclude>
    <ClInclude Include="Vendor\ixwebsocket\IXBase64.h">
      <Filter>Header Files</Filter>
    </ClInclude>
    <ClInclude Include="Vendor\ixwebsocket\IXBench.h">
      <Filter>Header Files</Filter>
    </ClInclude>
    <ClInclude Include="Vendor\ixwebsocket\IXCancellationRequest.h">
      <Filter>Header Files</Filter>
    </ClInclude>
    <ClInclude Include="Vendor\ixwebsocket\IXConnectionState.h">
      <Filter>Header Files</Filter>
    </ClInclude>
    <ClInclude Include="Vendor\ixwebsocket\IXDNSLookup.h">
      <Filter>Header Files</Filter>
    </ClInclude>
    <ClInclude Include="Vendor\ixwebsocket\IXExponentialBackoff.h">
      <Filter>Header Files</Filter>
    </ClInclude>
    <ClInclude Include="Vendor\ixwebsocket\IXGetFreePort.h">
      <Filter>Header Files</Filter>
    </ClInclude>
    <ClInclude Include="Vendor\ixwebsocket\IXGzipCodec.h">
      <Filter>Header Files</Filter>
    </ClInclude>
    <ClInclude Include="Vendor\ixwebsocket\IXHttp.h">
      <Filter>Header Files</Filter>
    </ClInclude>
    <ClInclude Include="Vendor\ixwebsocket\IXHttpClient.h">
      <Filter>Header Files</Filter>
    </ClInclude>
    <ClInclude Include="Vendor\ixwebsocket\IXHttpServer.h">
      <Filter>Header Files</Filter>
    </ClInclude>
    <ClInclude Include="Vendor\ixwebsocket\IXNetSystem.h">
      <Filter>Header Files</Filter>
    </ClInclude>
    <ClInclude Include="Vendor\ixwebsocket\IXProgressCallback.h">
      <Filter>Header Files</Filter>
    </ClInclude>
    <ClInclude Include="Vendor\ixwebsocket\IXSelectInterrupt.h">
      <Filter>Header Files</Filter>
    </ClInclude>
    <ClInclude Include="Vendor\ixwebsocket\IXSelectInterruptEvent.h">
      <Filter>Header Files</Filter>
    </ClInclude>
    <ClInclude Include="Vendor\ixwebsocket\IXSelectInterruptFactory.h">
      <Filter>Header Files</Filter>
    </ClInclude>
    <ClInclude Include="Vendor\ixwebsocket\IXSelectInterruptPipe.h">
      <Filter>Header Files</Filter>
    </ClInclude>
    <ClInclude Include="Vendor\ixwebsocket\IXSetThreadName.h">
      <Filter>Header Files</Filter>
    </ClInclude>
    <ClInclude Include="Vendor\ixwebsocket\IXSocket.h">
      <Filter>Header Files</Filter>
    </ClInclude>
    <ClInclude Include="Vendor\ixwebsocket\IXSocketAppleSSL.h">
      <Filter>Header Files</Filter>
    </ClInclude>
    <ClInclude Include="Vendor\ixwebsocket\IXSocketConnect.h">
      <Filter>Header Files</Filter>
    </ClInclude>
    <ClInclude Include="Vendor\ixwebsocket\IXSocketFactory.h">
      <Filter>Header Files</Filter>
    </ClInclude>
    <ClInclude Include="Vendor\ixwebsocket\IXSocketMbedTLS.h">
      <Filter>Header Files</Filter>
    </ClInclude>
    <ClInclude Include="Vendor\ixwebsocket\IXSocketOpenSSL.h">
      <Filter>Header Files</Filter>
    </ClInclude>
    <ClInclude Include="Vendor\ixwebsocket\IXSocketServer.h">
      <Filter>Header Files</Filter>
    </ClInclude>
    <ClInclude Include="Vendor\ixwebsocket\IXSocketTLSOptions.h">
      <Filter>Header Files</Filter>
    </ClInclude>
    <ClInclude Include="Vendor\ixwebsocket\IXStrCaseCompare.h">
      <Filter>Header Files</Filter>
    </ClInclude>
    <ClInclude Include="Vendor\ixwebsocket\IXUdpSocket.h">
      <Filter>Header Files</Filter>
    </ClInclude>
    <ClInclude Include="Vendor\ixwebsocket\IXUniquePtr.h">
      <Filter>Header Files</Filter>
    </ClInclude>
    <ClInclude Include="Vendor\ixwebsocket\IXUrlParser.h">
      <Filter>Header Files</Filter>
    </ClInclude>
    <ClInclude Include="Vendor\ixwebsocket\IXUserAgent.h">
      <Filter>Header Files</Filter>
    </ClInclude>
    <ClInclude Include="Vendor\ixwebsocket\IXUtf8Validator.h">
      <Filter>Header Files</Filter>
    </ClInclude>
    <ClInclude Include="Vendor\ixwebsocket\IXUuid.h">
      <Filter>Header Files</Filter>
    </ClInclude>
    <ClInclude Include="Vendor\ixwebsocket\IXWebSocket.h">
      <Filter>Header Files</Filter>
    </ClInclude>
    <ClInclude Include="Vendor\ixwebsocket\IXWebSocketCloseConstants.h">
      <Filter>Header Files</Filter>
    </ClInclude>
    <ClInclude Include="Vendor\ixwebsocket\IXWebSocketCloseInfo.h">
      <Filter>Header Files</Filter>
    </ClInclude>
    <ClInclude Include="Vendor\ixwebsocket\IXWebSocketErrorInfo.h">
      <Filter>Header Files</Filter>
    </ClInclude>
    <ClInclude Include="Vendor\ixwebsocket\IXWebSocketHandshake.h">
      <Filter>Header Files</Filter>
    </ClInclude>
    <ClInclude Include="Vendor\ixwebsocket\IXWebSocketHandshakeKeyGen.h">
      <Filter>Header Files</Filter>
    </ClInclude>
    <ClInclude Include="Vendor\ixwebsocket\IXWebSocketHttpHeaders.h">
      <Filter>Header Files</Filter>
    </ClInclude>
    <ClInclude Include="Vendor\ixwebsocket\IXWebSocketInitResult.h">
      <Filter>Header Files</Filter>
    </ClInclude>
    <ClInclude Include="Vendor\ixwebsocket\IXWebSocketMessage.h">
      <Filter>Header Files</Filter>
    </ClInclude>
    <ClInclude Include="Vendor\ixwebsocket\IXWebSocketMessageType.h">
      <Filter>Header Files</Filter>
    </ClInclude>
    <ClInclude Include="Vendor\ixwebsocket\IXWebSocketOpenInfo.h">
      <Filter>Header Files</Filter>
    </ClInclude>
    <ClInclude Include="Vendor\ixwebsocket\IXWebSocketPerMessageDeflate.h">
      <Filter>Header Files</Filter>
    </ClInclude>
    <ClInclude Include="Vendor\ixwebsocket\IXWebSocketPerMessageDeflateCodec.h">
      <Filter>Header Files</Filter>
    </ClInclude>
    <ClInclude Include="Vendor\ixwebsocket\IXWebSocketPerMessageDeflateOptions.h">
      <Filter>Header Files</Filter>
    </ClInclude>
    <ClInclude Include="Vendor\ixwebsocket\IXWebSocketProxyServer.h">
      <Filter>Header Files</Filter>
    </ClInclude>
    <ClInclude Include="Vendor\ixwebsocket\IXWebSocketSendData.h">
      <Filter>Header Files</Filter>
    </ClInclude>
    <ClInclude Include="Vendor\ixwebsocket\IXWebSocketSendInfo.h">
      <Filter>Header Files</Filter>
    </ClInclude>
    <ClInclude Include="Vendor\ixwebsocket\IXWebSocketServer.h">
      <Filter>Header Files</Filter>
    </ClInclude>
    <ClInclude Include="Vendor\ixwebsocket\IXWebSocketTransport.h">
      <Filter>Header Files</Filter>
    </ClInclude>
    <ClInclude Include="Vendor\ixwebsocket\IXWebSocketVersion.h">
      <Filter>Header Files</Filter>
    </ClInclude>
    <ClInclude Include="CHWID.h">
      <Filter>Header Files</Filter>
    </ClInclude>
    <ClInclude Include="Vendor\LiteRegedit\LiteRegedit.h">
      <Filter>Header Files</Filter>
    </ClInclude>
    <ClInclude Include="CSafeAntiCheat.h">
      <Filter>Header Files</Filter>
    </ClInclude>
    <ClInclude Include="STiming.h">
      <Filter>Header Files</Filter>
    </ClInclude>
    <ClInclude Include="Guards\CGuardBase.h">
      <Filter>Header Files</Filter>
    </ClInclude>
    <ClInclude Include="Guards\CMemoryGuard.h">
      <Filter>Header Files</Filter>
    </ClInclude>
    <ClInclude Include="CGuardManager.h">
      <Filter>Header Files</Filter>
    </ClInclude>
    <ClInclude Include="Utils.h">
      <Filter>Header Files</Filter>
    </ClInclude>
    <ClInclude Include="Vendor\CRC32\CRC32.h">
      <Filter>Header Files</Filter>
    </ClInclude>
    <ClInclude Include="Guards\CHeuristicGuard.h">
      <Filter>Header Files</Filter>
    </ClInclude>
    <ClInclude Include="Guards\CThreadGuard.h">
      <Filter>Header Files</Filter>
    </ClInclude>
    <ClInclude Include="Guards\CModuleGuard.h">
      <Filter>Header Files</Filter>
    </ClInclude>
    <ClInclude Include="CAtomicThread.h">
      <Filter>Header Files</Filter>
    </ClInclude>
    <ClInclude Include="FileAuthentication.h">
      <Filter>Header Files</Filter>
    </ClInclude>
    <ClInclude Include="Guards\CProcessGuard.h">
      <Filter>Header Files</Filter>
    </ClInclude>
    <ClInclude Include="CAtomicHook.h">
      <Filter>Header Files</Filter>
    </ClInclude>
    <ClInclude Include="BasicChecks.h">
      <Filter>Header Files</Filter>
    </ClInclude>
    <ClInclude Include="Screenshot.h">
      <Filter>Header Files</Filter>
    </ClInclude>
  </ItemGroup>
  <ItemGroup>
    <Library Include="Vendor\ixwebsocket\ixwebsocket.lib" />
  </ItemGroup>
</Project>